[[package]]
name = "absl-py"
version = "1.0.0"
description = "Abseil Python Common Libraries, see https://github.com/abseil/abseil-py."
category = "main"
optional = false
python-versions = ">=3.6"

[package.dependencies]
six = "*"

[[package]]
name = "grpcio"
version = "1.44.0"
description = "HTTP/2-based RPC framework"
category = "main"
optional = false
python-versions = ">=3.6"

[package.dependencies]
six = ">=1.5.2"

[package.extras]
protobuf = ["grpcio-tools (>=1.44.0)"]

[[package]]
name = "importlib-metadata"
version = "4.11.3"
description = "Read metadata from Python packages"
category = "main"
optional = false
python-versions = ">=3.7"

[package.dependencies]
typing-extensions = {version = ">=3.6.4", markers = "python_version < \"3.8\""}
zipp = ">=0.5"

[package.extras]
docs = ["sphinx", "jaraco.packaging (>=9)", "rst.linker (>=1.9)"]
perf = ["ipython"]
testing = ["pytest (>=6)", "pytest-checkdocs (>=2.4)", "pytest-flake8", "pytest-cov", "pytest-enabler (>=1.0.1)", "packaging", "pyfakefs", "flufl.flake8", "pytest-perf (>=0.9.2)", "pytest-black (>=0.3.7)", "pytest-mypy (>=0.9.1)", "importlib-resources (>=1.3)"]

[[package]]
name = "markdown"
version = "3.3.6"
description = "Python implementation of Markdown."
category = "main"
optional = false
python-versions = ">=3.6"

[package.dependencies]
importlib-metadata = {version = ">=4.4", markers = "python_version < \"3.10\""}

[package.extras]
testing = ["coverage", "pyyaml"]

[[package]]
name = "numpy"
version = "1.21.5"
description = "NumPy is the fundamental package for array computing with Python."
category = "main"
optional = false
python-versions = ">=3.7,<3.11"

[[package]]
name = "protobuf"
version = "3.19.4"
description = "Protocol Buffers"
category = "main"
optional = false
python-versions = ">=3.5"

[[package]]
name = "pyhocon"
version = "0.3.59"
description = "HOCON parser for Python"
category = "main"
optional = false
python-versions = "*"

[package.dependencies]
pyparsing = ">=2.0,<3.0"

[package.extras]
Duration = ["python-dateutil (>=2.8.0)"]

[[package]]
name = "pyparsing"
version = "2.4.7"
description = "Python parsing module"
category = "main"
optional = false
python-versions = ">=2.6, !=3.0.*, !=3.1.*, !=3.2.*"

[[package]]
name = "six"
version = "1.16.0"
description = "Python 2 and 3 compatibility utilities"
category = "main"
optional = false
python-versions = ">=2.7, !=3.0.*, !=3.1.*, !=3.2.*"

[[package]]
name = "tensorboard"
version = "1.15.0"
description = "TensorBoard lets you watch Tensors Flow"
category = "main"
optional = false
python-versions = ">= 2.7, != 3.0.*, != 3.1.*"

[package.dependencies]
absl-py = ">=0.4"
grpcio = ">=1.6.3"
markdown = ">=2.6.8"
numpy = ">=1.12.0"
protobuf = ">=3.6.0"
six = ">=1.10.0"
werkzeug = ">=0.11.15"

[[package]]
name = "tensorflow-estimator"
version = "1.15.1"
description = "TensorFlow Estimator."
category = "main"
optional = false
python-versions = "*"

[[package]]
name = "typing-extensions"
version = "4.1.1"
description = "Backported and Experimental Type Hints for Python 3.6+"
category = "main"
optional = false
python-versions = ">=3.6"

[[package]]
name = "werkzeug"
version = "2.0.3"
description = "The comprehensive WSGI web application library."
category = "main"
optional = false
python-versions = ">=3.6"

[package.extras]
watchdog = ["watchdog"]

[[package]]
name = "zipp"
version = "3.7.0"
description = "Backport of pathlib-compatible object wrapper for zip files"
category = "main"
optional = false
python-versions = ">=3.7"

[package.extras]
docs = ["sphinx", "jaraco.packaging (>=8.2)", "rst.linker (>=1.9)"]
testing = ["pytest (>=6)", "pytest-checkdocs (>=2.4)", "pytest-flake8", "pytest-cov", "pytest-enabler (>=1.0.1)", "jaraco.itertools", "func-timeout", "pytest-black (>=0.3.7)", "pytest-mypy"]

[metadata]
lock-version = "1.1"
python-versions = "~3.7"
content-hash = "ad4fc2a7472e5a899b74d431f5da585e80878433cfde0873d6aa69297126dca5"

[metadata.files]
absl-py = [
    {file = "absl-py-1.0.0.tar.gz", hash = "sha256:ac511215c01ee9ae47b19716599e8ccfa746f2e18de72bdf641b79b22afa27ea"},
    {file = "absl_py-1.0.0-py3-none-any.whl", hash = "sha256:84e6dcdc69c947d0c13e5457d056bd43cade4c2393dce00d684aedea77ddc2a3"},
]
grpcio = [
    {file = "grpcio-1.44.0-cp310-cp310-linux_armv7l.whl", hash = "sha256:11f811c0fffd84fca747fbc742464575e5eb130fd4fb4d6012ccc34febd001db"},
    {file = "grpcio-1.44.0-cp310-cp310-macosx_10_10_universal2.whl", hash = "sha256:9a86a91201f8345502ea81dee0a55ae13add5fafadf109b17acd858fe8239651"},
    {file = "grpcio-1.44.0-cp310-cp310-manylinux_2_17_aarch64.whl", hash = "sha256:5f3c54ebb5d9633a557335c01d88d3d4928e9b1b131692283b6184da1edbec0b"},
    {file = "grpcio-1.44.0-cp310-cp310-manylinux_2_17_i686.manylinux2014_i686.whl", hash = "sha256:3d47553b8e86ab1e59b0185ba6491a187f94a0239f414c8fc867a22b0405b798"},
    {file = "grpcio-1.44.0-cp310-cp310-manylinux_2_17_x86_64.manylinux2014_x86_64.whl", hash = "sha256:d1e22d3a510438b7f3365c0071b810672d09febac6e8ca8a47eab657ae5f347b"},
    {file = "grpcio-1.44.0-cp310-cp310-win32.whl", hash = "sha256:41036a574cab3468f24d41d6ed2b52588fb85ed60f8feaa925d7e424a250740b"},
    {file = "grpcio-1.44.0-cp310-cp310-win_amd64.whl", hash = "sha256:4ee51964edfd0a1293a95bb0d72d134ecf889379d90d2612cbf663623ce832b4"},
    {file = "grpcio-1.44.0-cp36-cp36m-linux_armv7l.whl", hash = "sha256:e2149077d71e060678130644670389ddf1491200bcea16c5560d4ccdc65e3f2e"},
    {file = "grpcio-1.44.0-cp36-cp36m-macosx_10_10_x86_64.whl", hash = "sha256:0ac72d4b953b76924f8fa21436af060d7e6d8581e279863f30ee14f20751ac27"},
    {file = "grpcio-1.44.0-cp36-cp36m-manylinux2010_i686.whl", hash = "sha256:5c30a9a7d3a05920368a60b080cbbeaf06335303be23ac244034c71c03a0fd24"},
    {file = "grpcio-1.44.0-cp36-cp36m-manylinux2010_x86_64.whl", hash = "sha256:05467acd391e3fffb05991c76cb2ed2fa1309d0e3815ac379764bc5670b4b5d4"},
    {file = "grpcio-1.44.0-cp36-cp36m-manylinux_2_17_aarch64.whl", hash = "sha256:b81dc7894062ed2d25b74a2725aaa0a6895ce97ce854f432fe4e87cad5a07316"},
    {file = "grpcio-1.44.0-cp36-cp36m-manylinux_2_17_i686.manylinux2014_i686.whl", hash = "sha256:46d4843192e7d36278884282e100b8f305cf37d1b3d8c6b4f736d4454640a069"},
    {file = "grpcio-1.44.0-cp36-cp36m-manylinux_2_17_x86_64.manylinux2014_x86_64.whl", hash = "sha256:898c159148f27e23c08a337fb80d31ece6b76bb24f359d83929460d813665b74"},
    {file = "grpcio-1.44.0-cp36-cp36m-win32.whl", hash = "sha256:b8d852329336c584c636caa9c2db990f3a332b19bc86a80f4646b58d27c142db"},
    {file = "grpcio-1.44.0-cp36-cp36m-win_amd64.whl", hash = "sha256:790d7493337558ae168477d1be3178f4c9b8f91d8cd9b8b719d06fd9b2d48836"},
    {file = "grpcio-1.44.0-cp37-cp37m-linux_armv7l.whl", hash = "sha256:cd61b52d9cf8fcf8d9628c0b640b9e44fdc5e93d989cc268086a858540ed370c"},
    {file = "grpcio-1.44.0-cp37-cp37m-macosx_10_10_x86_64.whl", hash = "sha256:14eefcf623890f3f7dd7831decd2a2116652b5ce1e0f1d4b464b8f52110743b0"},
    {file = "grpcio-1.44.0-cp37-cp37m-manylinux2010_i686.whl", hash = "sha256:bebe90b8020b4248e5a2076b56154cc6ff45691bbbe980579fc9db26717ac968"},
    {file = "grpcio-1.44.0-cp37-cp37m-manylinux2010_x86_64.whl", hash = "sha256:89b390b1c0de909965280d175c53128ce2f0f4f5c0f011382243dd7f2f894060"},
    {file = "grpcio-1.44.0-cp37-cp37m-manylinux_2_17_aarch64.whl", hash = "sha256:c122dac5cb299b8ad7308d61bd9fe0413de13b0347cce465398436b3fdf1f609"},
    {file = "grpcio-1.44.0-cp37-cp37m-manylinux_2_17_i686.manylinux2014_i686.whl", hash = "sha256:6641a28cc826a92ef717201cca9a035c34a0185e38b0c93f3ce5f01a01a1570a"},
    {file = "grpcio-1.44.0-cp37-cp37m-manylinux_2_17_x86_64.manylinux2014_x86_64.whl", hash = "sha256:fdb0a3e0e64843441793923d9532a3a23907b07b2a1e0a7a31f186dc185bb772"},
    {file = "grpcio-1.44.0-cp37-cp37m-win32.whl", hash = "sha256:be857b7ec2ac43455156e6ba89262f7d7ae60227049427d01a3fecd218a3f88d"},
    {file = "grpcio-1.44.0-cp37-cp37m-win_amd64.whl", hash = "sha256:f6a9cf0e77f72f2ac30c9c6e086bc7446c984c51bebc6c7f50fbcd718037edba"},
    {file = "grpcio-1.44.0-cp38-cp38-linux_armv7l.whl", hash = "sha256:19e54f0c7083c8332b5a75a9081fc5127f1dbb67b6c1a32bd7fe896ef0934918"},
    {file = "grpcio-1.44.0-cp38-cp38-macosx_10_10_x86_64.whl", hash = "sha256:bfd36b959c3c4e945119387baed1414ea46f7116886aa23de0172302b49d7ff1"},
    {file = "grpcio-1.44.0-cp38-cp38-manylinux2010_i686.whl", hash = "sha256:ccd388b8f37b19d06e4152189726ce309e36dc03b53f2216a4ea49f09a7438e6"},
    {file = "grpcio-1.44.0-cp38-cp38-manylinux2010_x86_64.whl", hash = "sha256:9075c0c003c1ff14ebce8f0ba55cc692158cb55c68da09cf8b0f9fc5b749e343"},
    {file = "grpcio-1.44.0-cp38-cp38-manylinux_2_17_aarch64.whl", hash = "sha256:e898194f76212facbaeb6d7545debff29351afa23b53ff8f0834d66611af5139"},
    {file = "grpcio-1.44.0-cp38-cp38-manylinux_2_17_i686.manylinux2014_i686.whl", hash = "sha256:8fa6584046a7cf281649975a363673fa5d9c6faf9dc923f261cc0e56713b5892"},
    {file = "grpcio-1.44.0-cp38-cp38-manylinux_2_17_x86_64.manylinux2014_x86_64.whl", hash = "sha256:36a7bdd6ef9bca050c7ade8cba5f0e743343ea0756d5d3d520e915098a9dc503"},
    {file = "grpcio-1.44.0-cp38-cp38-win32.whl", hash = "sha256:dc3290d0411ddd2bd49adba5793223de8de8b01588d45e9376f1a9f7d25414f4"},
    {file = "grpcio-1.44.0-cp38-cp38-win_amd64.whl", hash = "sha256:13343e7b840c20f43b44f0e6d3bbdc037c964f0aec9735d7cb685c407731c9ff"},
    {file = "grpcio-1.44.0-cp39-cp39-linux_armv7l.whl", hash = "sha256:c5c2f8417d13386e18ccc8c61467cb6a6f9667a1ff7000a2d7d378e5d7df693f"},
    {file = "grpcio-1.44.0-cp39-cp39-macosx_10_10_x86_64.whl", hash = "sha256:cf220199b7b4992729ad4d55d5d3f652f4ccfe1a35b5eacdbecf189c245e1859"},
    {file = "grpcio-1.44.0-cp39-cp39-manylinux2010_i686.whl", hash = "sha256:4201c597e5057a9bfef9ea5777a6d83f6252cb78044db7d57d941ec2300734a5"},
    {file = "grpcio-1.44.0-cp39-cp39-manylinux2010_x86_64.whl", hash = "sha256:e2de61005118ae59d48d5d749283ebfd1ba4ca68cc1000f8a395cd2bdcff7ceb"},
    {file = "grpcio-1.44.0-cp39-cp39-manylinux_2_17_aarch64.whl", hash = "sha256:871078218fa9117e2a378678f327e32fda04e363ed6bc0477275444273255d4d"},
    {file = "grpcio-1.44.0-cp39-cp39-manylinux_2_17_i686.manylinux2014_i686.whl", hash = "sha256:a8d610b7b557a7609fecee80b6dd793ecb7a9a3c3497fbdce63ce7d151cdd705"},
    {file = "grpcio-1.44.0-cp39-cp39-manylinux_2_17_x86_64.manylinux2014_x86_64.whl", hash = "sha256:4fcb53e4eb8c271032c91b8981df5fc1bb974bc73e306ec2c27da41bd95c44b5"},
    {file = "grpcio-1.44.0-cp39-cp39-win32.whl", hash = "sha256:e50ddea6de76c09b656df4b5a55ae222e2a56e625c44250e501ff3c904113ec1"},
    {file = "grpcio-1.44.0-cp39-cp39-win_amd64.whl", hash = "sha256:d2ec124a986093e26420a5fb10fa3f02b2c232f924cdd7b844ddf7e846c020cd"},
    {file = "grpcio-1.44.0.tar.gz", hash = "sha256:4bae1c99896045d3062ab95478411c8d5a52cb84b91a1517312629fa6cfeb50e"},
]
importlib-metadata = [
    {file = "importlib_metadata-4.11.3-py3-none-any.whl", hash = "sha256:1208431ca90a8cca1a6b8af391bb53c1a2db74e5d1cef6ddced95d4b2062edc6"},
    {file = "importlib_metadata-4.11.3.tar.gz", hash = "sha256:ea4c597ebf37142f827b8f39299579e31685c31d3a438b59f469406afd0f2539"},
]
markdown = [
    {file = "Markdown-3.3.6-py3-none-any.whl", hash = "sha256:9923332318f843411e9932237530df53162e29dc7a4e2b91e35764583c46c9a3"},
    {file = "Markdown-3.3.6.tar.gz", hash = "sha256:76df8ae32294ec39dcf89340382882dfa12975f87f45c3ed1ecdb1e8cefc7006"},
]
numpy = [
    {file = "numpy-1.21.5-cp310-cp310-macosx_10_9_universal2.whl", hash = "sha256:301e408a052fdcda5cdcf03021ebafc3c6ea093021bf9d1aa47c54d48bdad166"},
    {file = "numpy-1.21.5-cp310-cp310-macosx_10_9_x86_64.whl", hash = "sha256:a7e8f6216f180f3fd4efb73de5d1eaefb5f5a1ee5b645c67333033e39440e63a"},
    {file = "numpy-1.21.5-cp310-cp310-macosx_11_0_arm64.whl", hash = "sha256:fc7a7d7b0ed72589fd8b8486b9b42a564f10b8762be8bd4d9df94b807af4a089"},
    {file = "numpy-1.21.5-cp310-cp310-manylinux_2_17_aarch64.manylinux2014_aarch64.whl", hash = "sha256:58ca1d7c8aef6e996112d0ce873ac9dfa1eaf4a1196b4ff7ff73880a09923ba7"},
    {file = "numpy-1.21.5-cp310-cp310-manylinux_2_17_x86_64.manylinux2014_x86_64.whl", hash = "sha256:dc4b2fb01f1b4ddbe2453468ea0719f4dbb1f5caa712c8b21bb3dd1480cd30d9"},
    {file = "numpy-1.21.5-cp310-cp310-win_amd64.whl", hash = "sha256:cc1b30205d138d1005adb52087ff45708febbef0e420386f58664f984ef56954"},
    {file = "numpy-1.21.5-cp37-cp37m-macosx_10_9_x86_64.whl", hash = "sha256:08de8472d9f7571f9d51b27b75e827f5296295fa78817032e84464be8bb905bc"},
    {file = "numpy-1.21.5-cp37-cp37m-manylinux_2_12_i686.manylinux2010_i686.whl", hash = "sha256:4fe6a006557b87b352c04596a6e3f12a57d6e5f401d804947bd3188e6b0e0e76"},
    {file = "numpy-1.21.5-cp37-cp37m-manylinux_2_12_x86_64.manylinux2010_x86_64.whl", hash = "sha256:3d893b0871322eaa2f8c7072cdb552d8e2b27645b7875a70833c31e9274d4611"},
    {file = "numpy-1.21.5-cp37-cp37m-manylinux_2_17_aarch64.manylinux2014_aarch64.whl", hash = "sha256:341dddcfe3b7b6427a28a27baa59af5ad51baa59bfec3264f1ab287aa3b30b13"},
    {file = "numpy-1.21.5-cp37-cp37m-win32.whl", hash = "sha256:ca9c23848292c6fe0a19d212790e62f398fd9609aaa838859be8459bfbe558aa"},
    {file = "numpy-1.21.5-cp37-cp37m-win_amd64.whl", hash = "sha256:025b497014bc33fc23897859350f284323f32a2fff7654697f5a5fc2a19e9939"},
    {file = "numpy-1.21.5-cp38-cp38-macosx_10_9_universal2.whl", hash = "sha256:3a5098df115340fb17fc93867317a947e1dcd978c3888c5ddb118366095851f8"},
    {file = "numpy-1.21.5-cp38-cp38-macosx_10_9_x86_64.whl", hash = "sha256:311283acf880cfcc20369201bd75da907909afc4666966c7895cbed6f9d2c640"},
    {file = "numpy-1.21.5-cp38-cp38-macosx_11_0_arm64.whl", hash = "sha256:b545ebadaa2b878c8630e5bcdb97fc4096e779f335fc0f943547c1c91540c815"},
    {file = "numpy-1.21.5-cp38-cp38-manylinux_2_12_i686.manylinux2010_i686.whl", hash = "sha256:c5562bcc1a9b61960fc8950ade44d00e3de28f891af0acc96307c73613d18f6e"},
    {file = "numpy-1.21.5-cp38-cp38-manylinux_2_12_x86_64.manylinux2010_x86_64.whl", hash = "sha256:eed2afaa97ec33b4411995be12f8bdb95c87984eaa28d76cf628970c8a2d689a"},
    {file = "numpy-1.21.5-cp38-cp38-manylinux_2_17_aarch64.manylinux2014_aarch64.whl", hash = "sha256:61bada43d494515d5b122f4532af226fdb5ee08fe5b5918b111279843dc6836a"},
    {file = "numpy-1.21.5-cp38-cp38-win32.whl", hash = "sha256:7b9d6b14fc9a4864b08d1ba57d732b248f0e482c7b2ff55c313137e3ed4d8449"},
    {file = "numpy-1.21.5-cp38-cp38-win_amd64.whl", hash = "sha256:dbce7adeb66b895c6aaa1fad796aaefc299ced597f6fbd9ceddb0dd735245354"},
    {file = "numpy-1.21.5-cp39-cp39-macosx_10_9_universal2.whl", hash = "sha256:507c05c7a37b3683eb08a3ff993bd1ee1e6c752f77c2f275260533b265ecdb6c"},
    {file = "numpy-1.21.5-cp39-cp39-macosx_10_9_x86_64.whl", hash = "sha256:00c9fa73a6989895b8815d98300a20ac993c49ac36c8277e8ffeaa3631c0dbbb"},
    {file = "numpy-1.21.5-cp39-cp39-macosx_11_0_arm64.whl", hash = "sha256:69a5a8d71c308d7ef33ef72371c2388a90e3495dbb7993430e674006f94797d5"},
    {file = "numpy-1.21.5-cp39-cp39-manylinux_2_12_i686.manylinux2010_i686.whl", hash = "sha256:2d8adfca843bc46ac199a4645233f13abf2011a0b2f4affc5c37cd552626f27b"},
    {file = "numpy-1.21.5-cp39-cp39-manylinux_2_12_x86_64.manylinux2010_x86_64.whl", hash = "sha256:c293d3c0321996cd8ffe84215ffe5d269fd9d1d12c6f4ffe2b597a7c30d3e593"},
    {file = "numpy-1.21.5-cp39-cp39-manylinux_2_17_aarch64.manylinux2014_aarch64.whl", hash = "sha256:3c978544be9e04ed12016dd295a74283773149b48f507d69b36f91aa90a643e5"},
    {file = "numpy-1.21.5-cp39-cp39-win32.whl", hash = "sha256:2a9add27d7fc0fdb572abc3b2486eb3b1395da71e0254c5552b2aad2a18b5441"},
    {file = "numpy-1.21.5-cp39-cp39-win_amd64.whl", hash = "sha256:1964db2d4a00348b7a60ee9d013c8cb0c566644a589eaa80995126eac3b99ced"},
    {file = "numpy-1.21.5-pp37-pypy37_pp73-manylinux_2_12_x86_64.manylinux2010_x86_64.whl", hash = "sha256:a7c4b701ca418cd39e28ec3b496e6388fe06de83f5f0cb74794fa31cfa384c02"},
    {file = "numpy-1.21.5.zip", hash = "sha256:6a5928bc6241264dce5ed509e66f33676fc97f464e7a919edc672fb5532221ee"},
]
protobuf = [
    {file = "protobuf-3.19.4-cp310-cp310-macosx_10_9_universal2.whl", hash = "sha256:f51d5a9f137f7a2cec2d326a74b6e3fc79d635d69ffe1b036d39fc7d75430d37"},
    {file = "protobuf-3.19.4-cp310-cp310-manylinux2014_aarch64.whl", hash = "sha256:09297b7972da685ce269ec52af761743714996b4381c085205914c41fcab59fb"},
    {file = "protobuf-3.19.4-cp310-cp310-manylinux_2_17_x86_64.manylinux2014_x86_64.whl", hash = "sha256:072fbc78d705d3edc7ccac58a62c4c8e0cec856987da7df8aca86e647be4e35c"},
    {file = "protobuf-3.19.4-cp310-cp310-win32.whl", hash = "sha256:7bb03bc2873a2842e5ebb4801f5c7ff1bfbdf426f85d0172f7644fcda0671ae0"},
    {file = "protobuf-3.19.4-cp310-cp310-win_amd64.whl", hash = "sha256:f358aa33e03b7a84e0d91270a4d4d8f5df6921abe99a377828839e8ed0c04e07"},
    {file = "protobuf-3.19.4-cp36-cp36m-macosx_10_9_x86_64.whl", hash = "sha256:1c91ef4110fdd2c590effb5dca8fdbdcb3bf563eece99287019c4204f53d81a4"},
    {file = "protobuf-3.19.4-cp36-cp36m-manylinux_2_17_x86_64.manylinux2014_x86_64.whl", hash = "sha256:c438268eebb8cf039552897d78f402d734a404f1360592fef55297285f7f953f"},
    {file = "protobuf-3.19.4-cp36-cp36m-win32.whl", hash = "sha256:835a9c949dc193953c319603b2961c5c8f4327957fe23d914ca80d982665e8ee"},
    {file = "protobuf-3.19.4-cp36-cp36m-win_amd64.whl", hash = "sha256:4276cdec4447bd5015453e41bdc0c0c1234eda08420b7c9a18b8d647add51e4b"},
    {file = "protobuf-3.19.4-cp37-cp37m-macosx_10_9_x86_64.whl", hash = "sha256:6cbc312be5e71869d9d5ea25147cdf652a6781cf4d906497ca7690b7b9b5df13"},
    {file = "protobuf-3.19.4-cp37-cp37m-manylinux2014_aarch64.whl", hash = "sha256:54a1473077f3b616779ce31f477351a45b4fef8c9fd7892d6d87e287a38df368"},
    {file = "protobuf-3.19.4-cp37-cp37m-manylinux_2_17_x86_64.manylinux2014_x86_64.whl", hash = "sha256:435bb78b37fc386f9275a7035fe4fb1364484e38980d0dd91bc834a02c5ec909"},
    {file = "protobuf-3.19.4-cp37-cp37m-win32.whl", hash = "sha256:16f519de1313f1b7139ad70772e7db515b1420d208cb16c6d7858ea989fc64a9"},
    {file = "protobuf-3.19.4-cp37-cp37m-win_amd64.whl", hash = "sha256:cdc076c03381f5c1d9bb1abdcc5503d9ca8b53cf0a9d31a9f6754ec9e6c8af0f"},
    {file = "protobuf-3.19.4-cp38-cp38-macosx_10_9_x86_64.whl", hash = "sha256:69da7d39e39942bd52848438462674c463e23963a1fdaa84d88df7fbd7e749b2"},
    {file = "protobuf-3.19.4-cp38-cp38-manylinux2014_aarch64.whl", hash = "sha256:48ed3877fa43e22bcacc852ca76d4775741f9709dd9575881a373bd3e85e54b2"},
    {file = "protobuf-3.19.4-cp38-cp38-manylinux_2_17_x86_64.manylinux2014_x86_64.whl", hash = "sha256:bd95d1dfb9c4f4563e6093a9aa19d9c186bf98fa54da5252531cc0d3a07977e7"},
    {file = "protobuf-3.19.4-cp38-cp38-win32.whl", hash = "sha256:b38057450a0c566cbd04890a40edf916db890f2818e8682221611d78dc32ae26"},
    {file = "protobuf-3.19.4-cp38-cp38-win_amd64.whl", hash = "sha256:7ca7da9c339ca8890d66958f5462beabd611eca6c958691a8fe6eccbd1eb0c6e"},
    {file = "protobuf-3.19.4-cp39-cp39-macosx_10_9_x86_64.whl", hash = "sha256:36cecbabbda242915529b8ff364f2263cd4de7c46bbe361418b5ed859677ba58"},
    {file = "protobuf-3.19.4-cp39-cp39-manylinux2014_aarch64.whl", hash = "sha256:c1068287025f8ea025103e37d62ffd63fec8e9e636246b89c341aeda8a67c934"},
    {file = "protobuf-3.19.4-cp39-cp39-manylinux_2_17_x86_64.manylinux2014_x86_64.whl", hash = "sha256:96bd766831596d6014ca88d86dc8fe0fb2e428c0b02432fd9db3943202bf8c5e"},
    {file = "protobuf-3.19.4-cp39-cp39-win32.whl", hash = "sha256:84123274d982b9e248a143dadd1b9815049f4477dc783bf84efe6250eb4b836a"},
    {file = "protobuf-3.19.4-cp39-cp39-win_amd64.whl", hash = "sha256:3112b58aac3bac9c8be2b60a9daf6b558ca3f7681c130dcdd788ade7c9ffbdca"},
    {file = "protobuf-3.19.4-py2.py3-none-any.whl", hash = "sha256:8961c3a78ebfcd000920c9060a262f082f29838682b1f7201889300c1fbe0616"},
    {file = "protobuf-3.19.4.tar.gz", hash = "sha256:9df0c10adf3e83015ced42a9a7bd64e13d06c4cf45c340d2c63020ea04499d0a"},
]
pyhocon = [
    {file = "pyhocon-0.3.59.tar.gz", hash = "sha256:bb0eee59b57ecea5c30d14efc7ee7e55c935d58f03025ccdfc49237e920aa48c"},
]
pyparsing = [
    {file = "pyparsing-2.4.7-py2.py3-none-any.whl", hash = "sha256:ef9d7589ef3c200abe66653d3f1ab1033c3c419ae9b9bdb1240a85b024efc88b"},
    {file = "pyparsing-2.4.7.tar.gz", hash = "sha256:c203ec8783bf771a155b207279b9bccb8dea02d8f0c9e5f8ead507bc3246ecc1"},
]
six = [
    {file = "six-1.16.0-py2.py3-none-any.whl", hash = "sha256:8abb2f1d86890a2dfb989f9a77cfcfd3e47c2a354b01111771326f8aa26e0254"},
    {file = "six-1.16.0.tar.gz", hash = "sha256:1e61c37477a1626458e36f7b1d82aa5c9b094fa4802892072e49de9c60c4c926"},
]
tensorboard = [
    {file = "tensorboard-1.15.0-py2-none-any.whl", hash = "sha256:612b789386aa1b2c4804e1961273b37f8e4dd97613f98bc90ff0402d24627f50"},
    {file = "tensorboard-1.15.0-py3-none-any.whl", hash = "sha256:4cad2c65f6011e51609b463014c014fd7c6ddd9c1263af1d4f18dd97ed88c2bc"},
]
tensorflow-estimator = [
    {file = "tensorflow_estimator-1.15.1-py2.py3-none-any.whl", hash = "sha256:8853bfb7c3c96fbdc80b3d66c37a10af6ccbcd235dc87474764270c02a0f86b9"},
]
typing-extensions = [
    {file = "typing_extensions-4.1.1-py3-none-any.whl", hash = "sha256:21c85e0fe4b9a155d0799430b0ad741cdce7e359660ccbd8b530613e8df88ce2"},
    {file = "typing_extensions-4.1.1.tar.gz", hash = "sha256:1a9462dcc3347a79b1f1c0271fbe79e844580bb598bafa1ed208b94da3cdcd42"},
]
werkzeug = [
    {file = "Werkzeug-2.0.3-py3-none-any.whl", hash = "sha256:1421ebfc7648a39a5c58c601b154165d05cf47a3cd0ccb70857cbdacf6c8f2b8"},
    {file = "Werkzeug-2.0.3.tar.gz", hash = "sha256:b863f8ff057c522164b6067c9e28b041161b4be5ba4d0daceeaa50a163822d3c"},
]
zipp = [
    {file = "zipp-3.7.0-py3-none-any.whl", hash = "sha256:b47250dd24f92b7dd6a0a8fc5244da14608f3ca90a5efcd37a3b1642fac9a375"},
    {file = "zipp-3.7.0.tar.gz", hash = "sha256:9f50f446828eb9d45b267433fd3e9da8d801f614129124863f9c51ebceafb87d"},
]
